
Microsoft Visual Studio Solution File, Format Version 12.00
# Visual Studio 15
VisualStudioVersion = 15.0.28307.271
MinimumVisualStudioVersion = 10.0.40219.1
Project("{FAE04EC0-301F-11D3-BF4B-00C04F79EFBC}") = "CoffeeShopLib", "Coffe_Shop_lib\CoffeeShopLib.csproj", "{A30B44A2-75A1-4C8E-B4F3-27C3631F5F2D}"
EndProject
Project("{FAE04EC0-301F-11D3-BF4B-00C04F79EFBC}") = "ConsoleApp1", "ConsoleApp1\ConsoleApp1.csproj", "{277D6EEE-68A2-4355-889E-B7E4FE132411}"
EndProject
Global
	GlobalSection(SolutionConfigurationPlatforms) = preSolution
		Debug|Any CPU = Debug|Any CPU
		Release|Any CPU = Release|Any CPU
	EndGlobalSection
	GlobalSection(ProjectConfigurationPlatforms) = postSolution
		{A30B44A2-75A1-4C8E-B4F3-27C3631F5F2D}.Debug|Any CPU.ActiveCfg = Debug|Any CPU
		{A30B44A2-75A1-4C8E-B4F3-27C3631F5F2D}.Debug|Any CPU.Build.0 = Debug|Any CPU
		{A30B44A2-75A1-4C8E-B4F3-27C3631F5F2D}.Release|Any CPU.ActiveCfg = Release|Any CPU
		{A30B44A2-75A1-4C8E-B4F3-27C3631F5F2D}.Release|Any CPU.Build.0 = Release|Any CPU
		{277D6EEE-68A2-4355-889E-B7E4FE132411}.Debug|Any CPU.ActiveCfg = Debug|Any CPU
		{277D6EEE-68A2-4355-889E-B7E4FE132411}.Debug|Any CPU.Build.0 = Debug|Any CPU
		{277D6EEE-68A2-4355-889E-B7E4FE132411}.Release|Any CPU.ActiveCfg = Release|Any CPU
		{277D6EEE-68A2-4355-889E-B7E4FE132411}.Release|Any CPU.Build.0 = Release|Any CPU
	EndGlobalSection
	GlobalSection(SolutionProperties) = preSolution
		HideSolutionNode = FALSE
	EndGlobalSection
	GlobalSection(ExtensibilityGlobals) = postSolution
		SolutionGuid = {842C5201-79BE-4A97-9634-4800B1E8F7B7}
	EndGlobalSection
EndGlobal
